
Microsoft Visual Studio Solution File, Format Version 12.00
# Visual Studio Version 16
VisualStudioVersion = 16.0.28803.352
MinimumVisualStudioVersion = 10.0.40219.1
Project("{FAE04EC0-301F-11D3-BF4B-00C04F79EFBC}") = "C_Sharp_Exercises", "C_Sharp_Exercises\C_Sharp_Exercises.csproj", "{5FCCC7C7-9862-41CB-B546-9E6285F984BB}"
EndProject
Global
	GlobalSection(SolutionConfigurationPlatforms) = preSolution
		Debug|Any CPU = Debug|Any CPU
		Release|Any CPU = Release|Any CPU
	EndGlobalSection
	GlobalSection(ProjectConfigurationPlatforms) = postSolution
		{5FCCC7C7-9862-41CB-B546-9E6285F984BB}.Debug|Any CPU.ActiveCfg = Debug|Any CPU
		{5FCCC7C7-9862-41CB-B546-9E6285F984BB}.Debug|Any CPU.Build.0 = Debug|Any CPU
		{5FCCC7C7-9862-41CB-B546-9E6285F984BB}.Release|Any CPU.ActiveCfg = Release|Any CPU
		{5FCCC7C7-9862-41CB-B546-9E6285F984BB}.Release|Any CPU.Build.0 = Release|Any CPU
	EndGlobalSection
	GlobalSection(SolutionProperties) = preSolution
		HideSolutionNode = FALSE
	EndGlobalSection
	GlobalSection(ExtensibilityGlobals) = postSolution
		SolutionGuid = {7B063B0F-843B-46F5-9F8F-946145796362}
	EndGlobalSection
EndGlobal
